
Microsoft Visual Studio Solution File, Format Version 12.00
# Visual Studio Version 17
VisualStudioVersion = 17.7.34202.233
MinimumVisualStudioVersion = 10.0.40219.1
Project("{FAE04EC0-301F-11D3-BF4B-00C04F79EFBC}") = "Elearning", "Elearning\Elearning.csproj", "{B555B7AB-970F-455C-9DC3-476B15FDBC62}"
EndProject
Global
	GlobalSection(SolutionConfigurationPlatforms) = preSolution
		Debug|Any CPU = Debug|Any CPU
		Release|Any CPU = Release|Any CPU
	EndGlobalSection
	GlobalSection(ProjectConfigurationPlatforms) = postSolution
		{B555B7AB-970F-455C-9DC3-476B15FDBC62}.Debug|Any CPU.ActiveCfg = Debug|Any CPU
		{B555B7AB-970F-455C-9DC3-476B15FDBC62}.Debug|Any CPU.Build.0 = Debug|Any CPU
		{B555B7AB-970F-455C-9DC3-476B15FDBC62}.Release|Any CPU.ActiveCfg = Release|Any CPU
		{B555B7AB-970F-455C-9DC3-476B15FDBC62}.Release|Any CPU.Build.0 = Release|Any CPU
	EndGlobalSection
	GlobalSection(SolutionProperties) = preSolution
		HideSolutionNode = FALSE
	EndGlobalSection
	GlobalSection(ExtensibilityGlobals) = postSolution
		SolutionGuid = {B2A3CC5D-FBBF-4EFC-B727-E1BFEDBE00D0}
	EndGlobalSection
EndGlobal
